
Microsoft Visual Studio Solution File, Format Version 12.00
# Visual Studio 14
VisualStudioVersion = 14.0.25123.0
MinimumVisualStudioVersion = 10.0.40219.1
Project("{FAE04EC0-301F-11D3-BF4B-00C04F79EFBC}") = "DigiCartClient", "DigiCartClient\DigiCartClient.csproj", "{606BDD0C-7E01-43DA-92E9-77E77E8AC4C4}"
EndProject
Project("{FAE04EC0-301F-11D3-BF4B-00C04F79EFBC}") = "DigiCartClient.Tests", "DigiCartClient.Tests\DigiCartClient.Tests.csproj", "{5C00E30E-36A9-402C-ACCF-610EB595E8F7}"
EndProject
Global
	GlobalSection(SolutionConfigurationPlatforms) = preSolution
		Debug|Any CPU = Debug|Any CPU
		Release|Any CPU = Release|Any CPU
	EndGlobalSection
	GlobalSection(ProjectConfigurationPlatforms) = postSolution
		{606BDD0C-7E01-43DA-92E9-77E77E8AC4C4}.Debug|Any CPU.ActiveCfg = Debug|Any CPU
		{606BDD0C-7E01-43DA-92E9-77E77E8AC4C4}.Debug|Any CPU.Build.0 = Debug|Any CPU
		{606BDD0C-7E01-43DA-92E9-77E77E8AC4C4}.Release|Any CPU.ActiveCfg = Release|Any CPU
		{606BDD0C-7E01-43DA-92E9-77E77E8AC4C4}.Release|Any CPU.Build.0 = Release|Any CPU
		{5C00E30E-36A9-402C-ACCF-610EB595E8F7}.Debug|Any CPU.ActiveCfg = Debug|Any CPU
		{5C00E30E-36A9-402C-ACCF-610EB595E8F7}.Debug|Any CPU.Build.0 = Debug|Any CPU
		{5C00E30E-36A9-402C-ACCF-610EB595E8F7}.Release|Any CPU.ActiveCfg = Release|Any CPU
		{5C00E30E-36A9-402C-ACCF-610EB595E8F7}.Release|Any CPU.Build.0 = Release|Any CPU
	EndGlobalSection
	GlobalSection(SolutionProperties) = preSolution
		HideSolutionNode = FALSE
	EndGlobalSection
EndGlobal
